
Microsoft Visual Studio Solution File, Format Version 12.00
# Visual Studio 14
VisualStudioVersion = 14.0.25420.1
MinimumVisualStudioVersion = 10.0.40219.1
Project("{FAE04EC0-301F-11D3-BF4B-00C04F79EFBC}") = "ModularMonolithSample", "ModularMonolithSample\ModularMonolithSample.csproj", "{7DC4324B-F8B3-45EC-AA7E-BFD068479313}"
EndProject
Project("{FAE04EC0-301F-11D3-BF4B-00C04F79EFBC}") = "TestModule", "TestModule\TestModule.csproj", "{937E5EE6-5C42-472A-B151-970535FE2623}"
EndProject
Global
	GlobalSection(SolutionConfigurationPlatforms) = preSolution
		Debug|Any CPU = Debug|Any CPU
		Release|Any CPU = Release|Any CPU
	EndGlobalSection
	GlobalSection(ProjectConfigurationPlatforms) = postSolution
		{7DC4324B-F8B3-45EC-AA7E-BFD068479313}.Debug|Any CPU.ActiveCfg = Debug|Any CPU
		{7DC4324B-F8B3-45EC-AA7E-BFD068479313}.Debug|Any CPU.Build.0 = Debug|Any CPU
		{7DC4324B-F8B3-45EC-AA7E-BFD068479313}.Release|Any CPU.ActiveCfg = Release|Any CPU
		{7DC4324B-F8B3-45EC-AA7E-BFD068479313}.Release|Any CPU.Build.0 = Release|Any CPU
		{937E5EE6-5C42-472A-B151-970535FE2623}.Debug|Any CPU.ActiveCfg = Debug|Any CPU
		{937E5EE6-5C42-472A-B151-970535FE2623}.Debug|Any CPU.Build.0 = Debug|Any CPU
		{937E5EE6-5C42-472A-B151-970535FE2623}.Release|Any CPU.ActiveCfg = Release|Any CPU
		{937E5EE6-5C42-472A-B151-970535FE2623}.Release|Any CPU.Build.0 = Release|Any CPU
	EndGlobalSection
	GlobalSection(SolutionProperties) = preSolution
		HideSolutionNode = FALSE
	EndGlobalSection
EndGlobal
